<?xml version="1.0" encoding="utf-8"?>
<Project ToolsVersion="4.0" xmlns="http://schemas.microsoft.com/developer/msbuild/2003">
  <ItemGroup>
    <Filter Include="Source Files">
      <UniqueIdentifier>{96a7d21a-83be-4a4b-aed6-7949bb09d17e}</UniqueIdentifier>
      <Extensions>cpp;c;cxx;rc;def;r;odl;hpj;bat;for;f90</Extensions>
    </Filter>
    <Filter Include="Header Files">
      <UniqueIdentifier>{0b2b7f3d-3c25-4756-93eb-ea17b8cc5fad}</UniqueIdentifier>
      <Extensions>h;hpp;hxx;hm;inl;fi;fd</Extensions>
    </Filter>
    <Filter Include="Resource Files">
      <UniqueIdentifier>{61acb4a6-60a1-4623-82f7-2d592d5b13a1}</UniqueIdentifier>
      <Extensions>ico;cur;bmp;dlg;rc2;rct;bin;cnt;rtf;gif;jpg;jpeg;jpe</Extensions>
    </Filter>
  </ItemGroup>
  <ItemGroup>
    <ClCompile Include="Aligndlg.cpp">
      <Filter>Source Files</Filter>
    </ClCompile>
    <ClCompile Include="autochem.cpp">
      <Filter>Source Files</Filter>
    </ClCompile>
    <ClCompile Include="autocons.cpp">
      <Filter>Source Files</Filter>
    </ClCompile>
    <ClCompile Include="autocont.cpp">
      <Filter>Source Files</Filter>
    </ClCompile>
    <ClCompile Include="autodiff.cpp">
      <Filter>Source Files</Filter>
    </ClCompile>
    <ClCompile Include="autodna.cpp">
      <Filter>Source Files</Filter>
    </ClCompile>
    <ClCompile Include="autogcon.cpp">
      <Filter>Source Files</Filter>
    </ClCompile>
    <ClCompile Include="autolog.cpp">
      <Filter>Source Files</Filter>
    </ClCompile>
    <ClCompile Include="autopcr.cpp">
      <Filter>Source Files</Filter>
    </ClCompile>
    <ClCompile Include="autoprop.cpp">
      <Filter>Source Files</Filter>
    </ClCompile>
    <ClCompile Include="autoquan.cpp">
      <Filter>Source Files</Filter>
    </ClCompile>
    <ClCompile Include="Autoshad.cpp">
      <Filter>Source Files</Filter>
    </ClCompile>
    <ClCompile Include="autosim.cpp">
      <Filter>Source Files</Filter>
    </ClCompile>
    <ClCompile Include="autosrch.cpp">
      <Filter>Source Files</Filter>
    </ClCompile>
    <ClCompile Include="autostc.cpp">
      <Filter>Source Files</Filter>
    </ClCompile>
    <ClCompile Include="charmap.cpp">
      <Filter>Source Files</Filter>
    </ClCompile>
    <ClCompile Include="chemprop.cpp">
      <Filter>Source Files</Filter>
    </ClCompile>
    <ClCompile Include="colorbar.cpp">
      <Filter>Source Files</Filter>
    </ClCompile>
    <ClCompile Include="Confiden.cpp">
      <Filter>Source Files</Filter>
    </ClCompile>
    <ClCompile Include="Cscored.cpp">
      <Filter>Source Files</Filter>
    </ClCompile>
    <ClCompile Include="Cstcpdlg.cpp">
      <Filter>Source Files</Filter>
    </ClCompile>
    <ClCompile Include="Dispgnm.cpp">
      <Filter>Source Files</Filter>
    </ClCompile>
    <ClCompile Include="displayp.cpp">
      <Filter>Source Files</Filter>
    </ClCompile>
    <ClCompile Include="dispvars.cpp">
      <Filter>Source Files</Filter>
    </ClCompile>
    <ClCompile Include="dnatrans.cpp">
      <Filter>Source Files</Filter>
    </ClCompile>
    <ClCompile Include="dstasco.cpp">
      <Filter>Source Files</Filter>
    </ClCompile>
    <ClCompile Include="dstatchi.cpp">
      <Filter>Source Files</Filter>
    </ClCompile>
    <ClCompile Include="DStatOb.cpp">
      <Filter>Source Files</Filter>
    </ClCompile>
    <ClCompile Include="DStatVw.cpp">
      <Filter>Source Files</Filter>
    </ClCompile>
    <ClCompile Include="dwordmap.cpp">
      <Filter>Source Files</Filter>
    </ClCompile>
    <ClCompile Include="Exportdl.cpp">
      <Filter>Source Files</Filter>
    </ClCompile>
    <ClCompile Include="filedef.cpp">
      <Filter>Source Files</Filter>
    </ClCompile>
    <ClCompile Include="Finddlg.cpp">
      <Filter>Source Files</Filter>
    </ClCompile>
    <ClCompile Include="Findrepl.cpp">
      <Filter>Source Files</Filter>
    </ClCompile>
    <ClCompile Include="gdmenu.cpp">
      <Filter>Source Files</Filter>
    </ClCompile>
    <ClCompile Include="Gdocfile.cpp">
      <Filter>Source Files</Filter>
    </ClCompile>
    <ClCompile Include="gdphydoc.cpp">
      <Filter>Source Files</Filter>
    </ClCompile>
    <ClCompile Include="gdsrch.cpp">
      <Filter>Source Files</Filter>
    </ClCompile>
    <ClCompile Include="GelView.cpp">
      <Filter>Source Files</Filter>
    </ClCompile>
    <ClCompile Include="Genbank.cpp">
      <Filter>Source Files</Filter>
    </ClCompile>
    <ClCompile Include="Genechi.cpp">
      <Filter>Source Files</Filter>
    </ClCompile>
    <ClCompile Include="geneddoc.cpp">
      <Filter>Source Files</Filter>
    </ClCompile>
    <ClCompile Include="Genedoc.cpp">
      <Filter>Source Files</Filter>
    </ClCompile>
    <ClCompile Include="genedvw.cpp">
      <Filter>Source Files</Filter>
    </ClCompile>
    <ClCompile Include="Gprowvw.cpp">
      <Filter>Source Files</Filter>
    </ClCompile>
    <ClCompile Include="gpsumvw.cpp">
      <Filter>Source Files</Filter>
    </ClCompile>
    <ClCompile Include="GraphStp.cpp">
      <Filter>Source Files</Filter>
    </ClCompile>
    <ClCompile Include="Groupsel.cpp">
      <Filter>Source Files</Filter>
    </ClCompile>
    <ClCompile Include="Grpprop.cpp">
      <Filter>Source Files</Filter>
    </ClCompile>
    <ClCompile Include="grppsht.cpp">
      <Filter>Source Files</Filter>
    </ClCompile>
    <ClCompile Include="Gsegment.cpp">
      <Filter>Source Files</Filter>
    </ClCompile>
    <ClCompile Include="Gsfiller.cpp">
      <Filter>Source Files</Filter>
    </ClCompile>
    <ClCompile Include="Gstring.cpp">
      <Filter>Source Files</Filter>
    </ClCompile>
    <ClCompile Include="Gvedit.cpp">
      <Filter>Source Files</Filter>
    </ClCompile>
    <ClCompile Include="gvefill.cpp">
      <Filter>Source Files</Filter>
    </ClCompile>
    <ClCompile Include="Gvelead.cpp">
      <Filter>Source Files</Filter>
    </ClCompile>
    <ClCompile Include="Gvetail.cpp">
      <Filter>Source Files</Filter>
    </ClCompile>
    <ClCompile Include="GVSum.cpp">
      <Filter>Source Files</Filter>
    </ClCompile>
    <ClCompile Include="heapsort.cpp">
      <Filter>Source Files</Filter>
    </ClCompile>
    <ClCompile Include="htmlfile.cpp">
      <Filter>Source Files</Filter>
    </ClCompile>
    <ClCompile Include="Htmlpicd.cpp">
      <Filter>Source Files</Filter>
    </ClCompile>
    <ClCompile Include="Importty.cpp">
      <Filter>Source Files</Filter>
    </ClCompile>
    <ClCompile Include="logdlg.cpp">
      <Filter>Source Files</Filter>
    </ClCompile>
    <ClCompile Include="logodds.cpp">
      <Filter>Source Files</Filter>
    </ClCompile>
    <ClCompile Include="logsco.cpp">
      <Filter>Source Files</Filter>
    </ClCompile>
    <ClCompile Include="Mainfrm.cpp">
      <Filter>Source Files</Filter>
    </ClCompile>
    <ClCompile Include="Manrep.cpp">
      <Filter>Source Files</Filter>
    </ClCompile>
    <ClCompile Include="Motseqdl.cpp">
      <Filter>Source Files</Filter>
    </ClCompile>
    <ClCompile Include="Msffile.cpp">
      <Filter>Source Files</Filter>
    </ClCompile>
    <ClCompile Include="Mycaret.cpp">
      <Filter>Source Files</Filter>
    </ClCompile>
    <ClCompile Include="pairwise.cpp">
      <Filter>Source Files</Filter>
    </ClCompile>
    <ClCompile Include="Pdbdialo.cpp">
      <Filter>Source Files</Filter>
    </ClCompile>
    <ClCompile Include="phylnode.cpp">
      <Filter>Source Files</Filter>
    </ClCompile>
    <ClCompile Include="Phylochi.cpp">
      <Filter>Source Files</Filter>
    </ClCompile>
    <ClCompile Include="Phylodlg.cpp">
      <Filter>Source Files</Filter>
    </ClCompile>
    <ClCompile Include="Phylovw.cpp">
      <Filter>Source Files</Filter>
    </ClCompile>
    <ClCompile Include="phylseq.cpp">
      <Filter>Source Files</Filter>
    </ClCompile>
    <ClCompile Include="pictfile.cpp">
      <Filter>Source Files</Filter>
    </ClCompile>
    <ClCompile Include="Plex.cpp">
      <Filter>Source Files</Filter>
    </ClCompile>
    <ClCompile Include="prints.cpp">
      <Filter>Source Files</Filter>
    </ClCompile>
    <ClCompile Include="Proped.cpp">
      <Filter>Source Files</Filter>
    </ClCompile>
    <ClCompile Include="property.cpp">
      <Filter>Source Files</Filter>
    </ClCompile>
    <ClCompile Include="Propgp.cpp">
      <Filter>Source Files</Filter>
    </ClCompile>
    <ClCompile Include="Propsht.cpp">
      <Filter>Source Files</Filter>
    </ClCompile>
    <ClCompile Include="pwalign.cpp">
      <Filter>Source Files</Filter>
    </ClCompile>
    <ClCompile Include="Refiltdl.cpp">
      <Filter>Source Files</Filter>
    </ClCompile>
    <ClCompile Include="repdlg.cpp">
      <Filter>Source Files</Filter>
    </ClCompile>
    <ClCompile Include="Rescore.cpp">
      <Filter>Source Files</Filter>
    </ClCompile>
    <ClCompile Include="rtffile.cpp">
      <Filter>Source Files</Filter>
    </ClCompile>
    <ClCompile Include="scofile.cpp">
      <Filter>Source Files</Filter>
    </ClCompile>
    <ClCompile Include="Score.cpp">
      <Filter>Source Files</Filter>
    </ClCompile>
    <ClCompile Include="Scorecan.cpp">
      <Filter>Source Files</Filter>
    </ClCompile>
    <ClCompile Include="scoring.cpp">
      <Filter>Source Files</Filter>
    </ClCompile>
    <ClCompile Include="Searchdl.cpp">
      <Filter>Source Files</Filter>
    </ClCompile>
    <ClCompile Include="selarrse.cpp">
      <Filter>Source Files</Filter>
    </ClCompile>
    <ClCompile Include="selproje.cpp">
      <Filter>Source Files</Filter>
    </ClCompile>
    <ClCompile Include="Seqdetdi.cpp">
      <Filter>Source Files</Filter>
    </ClCompile>
    <ClCompile Include="Seqdialo.cpp">
      <Filter>Source Files</Filter>
    </ClCompile>
    <ClCompile Include="seqfile.cpp">
      <Filter>Source Files</Filter>
    </ClCompile>
    <ClCompile Include="seqinp.cpp">
      <Filter>Source Files</Filter>
    </ClCompile>
    <ClCompile Include="seqseldl.cpp">
      <Filter>Source Files</Filter>
    </ClCompile>
    <ClCompile Include="setudef.cpp">
      <Filter>Source Files</Filter>
    </ClCompile>
    <ClCompile Include="Shadeedi.cpp">
      <Filter>Source Files</Filter>
    </ClCompile>
    <ClCompile Include="Shademp.cpp">
      <Filter>Source Files</Filter>
    </ClCompile>
    <ClCompile Include="Showtabl.cpp">
      <Filter>Source Files</Filter>
    </ClCompile>
    <ClCompile Include="sortmat.cpp">
      <Filter>Source Files</Filter>
    </ClCompile>
    <ClCompile Include="Srchdlg.cpp">
      <Filter>Source Files</Filter>
    </ClCompile>
    <ClCompile Include="Srchrepd.cpp">
      <Filter>Source Files</Filter>
    </ClCompile>
    <ClCompile Include="statfile.cpp">
      <Filter>Source Files</Filter>
    </ClCompile>
    <ClCompile Include="stc.cpp">
      <Filter>Source Files</Filter>
    </ClCompile>
    <ClCompile Include="Stcdatad.cpp">
      <Filter>Source Files</Filter>
    </ClCompile>
    <ClCompile Include="stcgrp.cpp">
      <Filter>Source Files</Filter>
    </ClCompile>
    <ClCompile Include="StdAfx.cpp">
      <Filter>Source Files</Filter>
    </ClCompile>
    <ClCompile Include="sumcaret.cpp">
      <Filter>Source Files</Filter>
    </ClCompile>
    <ClCompile Include="sumview.cpp">
      <Filter>Source Files</Filter>
    </ClCompile>
    <ClCompile Include="TextView.cpp">
      <Filter>Source Files</Filter>
    </ClCompile>
    <ClCompile Include="Titlingf.cpp">
      <Filter>Source Files</Filter>
    </ClCompile>
    <ClCompile Include="treescor.cpp">
      <Filter>Source Files</Filter>
    </ClCompile>
    <ClCompile Include="Userdef.cpp">
      <Filter>Source Files</Filter>
    </ClCompile>
  </ItemGroup>
  <ItemGroup>
    <ResourceCompile Include="Genedoc.rc">
      <Filter>Source Files</Filter>
    </ResourceCompile>
  </ItemGroup>
  <ItemGroup>
    <ClInclude Include="Motseqdl.h">
      <Filter>Source Files</Filter>
    </ClInclude>
    <ClInclude Include="sumcaret.h">
      <Filter>Source Files</Filter>
    </ClInclude>
    <ClInclude Include="Aligndlg.h">
      <Filter>Header Files</Filter>
    </ClInclude>
    <ClInclude Include="charmap.h">
      <Filter>Header Files</Filter>
    </ClInclude>
    <ClInclude Include="chemprop.h">
      <Filter>Header Files</Filter>
    </ClInclude>
    <ClInclude Include="colorbar.h">
      <Filter>Header Files</Filter>
    </ClInclude>
    <ClInclude Include="confiden.h">
      <Filter>Header Files</Filter>
    </ClInclude>
    <ClInclude Include="cscored.h">
      <Filter>Header Files</Filter>
    </ClInclude>
    <ClInclude Include="cstcpdlg.h">
      <Filter>Header Files</Filter>
    </ClInclude>
    <ClInclude Include="dispgnm.h">
      <Filter>Header Files</Filter>
    </ClInclude>
    <ClInclude Include="displayp.h">
      <Filter>Header Files</Filter>
    </ClInclude>
    <ClInclude Include="dispvars.h">
      <Filter>Header Files</Filter>
    </ClInclude>
    <ClInclude Include="dnatrans.h">
      <Filter>Header Files</Filter>
    </ClInclude>
    <ClInclude Include="Drawstc.h">
      <Filter>Header Files</Filter>
    </ClInclude>
    <ClInclude Include="dstatchi.h">
      <Filter>Header Files</Filter>
    </ClInclude>
    <ClInclude Include="DStatOb.h">
      <Filter>Header Files</Filter>
    </ClInclude>
    <ClInclude Include="DStatVw.h">
      <Filter>Header Files</Filter>
    </ClInclude>
    <ClInclude Include="dwordmap.h">
      <Filter>Header Files</Filter>
    </ClInclude>
    <ClInclude Include="Exportdl.h">
      <Filter>Header Files</Filter>
    </ClInclude>
    <ClInclude Include="Finddlg.h">
      <Filter>Header Files</Filter>
    </ClInclude>
    <ClInclude Include="findrepl.h">
      <Filter>Header Files</Filter>
    </ClInclude>
    <ClInclude Include="GelView.h">
      <Filter>Header Files</Filter>
    </ClInclude>
    <ClInclude Include="Genbank.h">
      <Filter>Header Files</Filter>
    </ClInclude>
    <ClInclude Include="genechi.h">
      <Filter>Header Files</Filter>
    </ClInclude>
    <ClInclude Include="geneddoc.h">
      <Filter>Header Files</Filter>
    </ClInclude>
    <ClInclude Include="genedoc.h">
      <Filter>Header Files</Filter>
    </ClInclude>
    <ClInclude Include="genedvw.h">
      <Filter>Header Files</Filter>
    </ClInclude>
    <ClInclude Include="Genestor.h">
      <Filter>Header Files</Filter>
    </ClInclude>
    <ClInclude Include="gprowvw.h">
      <Filter>Header Files</Filter>
    </ClInclude>
    <ClInclude Include="gpsumvw.h">
      <Filter>Header Files</Filter>
    </ClInclude>
    <ClInclude Include="GraphStp.h">
      <Filter>Header Files</Filter>
    </ClInclude>
    <ClInclude Include="groupsel.h">
      <Filter>Header Files</Filter>
    </ClInclude>
    <ClInclude Include="grpprop.h">
      <Filter>Header Files</Filter>
    </ClInclude>
    <ClInclude Include="grppsht.h">
      <Filter>Header Files</Filter>
    </ClInclude>
    <ClInclude Include="Gsbase.h">
      <Filter>Header Files</Filter>
    </ClInclude>
    <ClInclude Include="gsegment.h">
      <Filter>Header Files</Filter>
    </ClInclude>
    <ClInclude Include="gsfiller.h">
      <Filter>Header Files</Filter>
    </ClInclude>
    <ClInclude Include="gstring.h">
      <Filter>Header Files</Filter>
    </ClInclude>
    <ClInclude Include="Gvbase.h">
      <Filter>Header Files</Filter>
    </ClInclude>
    <ClInclude Include="gvedit.h">
      <Filter>Header Files</Filter>
    </ClInclude>
    <ClInclude Include="gvefill.h">
      <Filter>Header Files</Filter>
    </ClInclude>
    <ClInclude Include="gvelead.h">
      <Filter>Header Files</Filter>
    </ClInclude>
    <ClInclude Include="gvetail.h">
      <Filter>Header Files</Filter>
    </ClInclude>
    <ClInclude Include="GVSum.h">
      <Filter>Header Files</Filter>
    </ClInclude>
    <ClInclude Include="htmlfile.h">
      <Filter>Header Files</Filter>
    </ClInclude>
    <ClInclude Include="htmlpicd.h">
      <Filter>Header Files</Filter>
    </ClInclude>
    <ClInclude Include="importty.h">
      <Filter>Header Files</Filter>
    </ClInclude>
    <ClInclude Include="logdlg.h">
      <Filter>Header Files</Filter>
    </ClInclude>
    <ClInclude Include="logodds.h">
      <Filter>Header Files</Filter>
    </ClInclude>
    <ClInclude Include="mainfrm.h">
      <Filter>Header Files</Filter>
    </ClInclude>
    <ClInclude Include="mycaret.h">
      <Filter>Header Files</Filter>
    </ClInclude>
    <ClInclude Include="pdbdialo.h">
      <Filter>Header Files</Filter>
    </ClInclude>
    <ClInclude Include="Phylbase.h">
      <Filter>Header Files</Filter>
    </ClInclude>
    <ClInclude Include="phylnode.h">
      <Filter>Header Files</Filter>
    </ClInclude>
    <ClInclude Include="phylochi.h">
      <Filter>Header Files</Filter>
    </ClInclude>
    <ClInclude Include="phylodlg.h">
      <Filter>Header Files</Filter>
    </ClInclude>
    <ClInclude Include="phylovw.h">
      <Filter>Header Files</Filter>
    </ClInclude>
    <ClInclude Include="phylseq.h">
      <Filter>Header Files</Filter>
    </ClInclude>
    <ClInclude Include="pictfile.h">
      <Filter>Header Files</Filter>
    </ClInclude>
    <ClInclude Include="Plex.h">
      <Filter>Header Files</Filter>
    </ClInclude>
    <ClInclude Include="prints.h">
      <Filter>Header Files</Filter>
    </ClInclude>
    <ClInclude Include="proped.h">
      <Filter>Header Files</Filter>
    </ClInclude>
    <ClInclude Include="property.h">
      <Filter>Header Files</Filter>
    </ClInclude>
    <ClInclude Include="propgp.h">
      <Filter>Header Files</Filter>
    </ClInclude>
    <ClInclude Include="propsht.h">
      <Filter>Header Files</Filter>
    </ClInclude>
    <ClInclude Include="PWAlign.h">
      <Filter>Header Files</Filter>
    </ClInclude>
    <ClInclude Include="refiltdl.h">
      <Filter>Header Files</Filter>
    </ClInclude>
    <ClInclude Include="repdlg.h">
      <Filter>Header Files</Filter>
    </ClInclude>
    <ClInclude Include="resource.h">
      <Filter>Header Files</Filter>
    </ClInclude>
    <ClInclude Include="rtffile.h">
      <Filter>Header Files</Filter>
    </ClInclude>
    <ClInclude Include="scorecan.h">
      <Filter>Header Files</Filter>
    </ClInclude>
    <ClInclude Include="Scorets.h">
      <Filter>Header Files</Filter>
    </ClInclude>
    <ClInclude Include="searchdl.h">
      <Filter>Header Files</Filter>
    </ClInclude>
    <ClInclude Include="Segnames.h">
      <Filter>Header Files</Filter>
    </ClInclude>
    <ClInclude Include="selarrse.h">
      <Filter>Header Files</Filter>
    </ClInclude>
    <ClInclude Include="selproje.h">
      <Filter>Header Files</Filter>
    </ClInclude>
    <ClInclude Include="seqdetdi.h">
      <Filter>Header Files</Filter>
    </ClInclude>
    <ClInclude Include="seqdialo.h">
      <Filter>Header Files</Filter>
    </ClInclude>
    <ClInclude Include="seqinp.h">
      <Filter>Header Files</Filter>
    </ClInclude>
    <ClInclude Include="seqseldl.h">
      <Filter>Header Files</Filter>
    </ClInclude>
    <ClInclude Include="shadeedi.h">
      <Filter>Header Files</Filter>
    </ClInclude>
    <ClInclude Include="shadegp.h">
      <Filter>Header Files</Filter>
    </ClInclude>
    <ClInclude Include="shademp.h">
      <Filter>Header Files</Filter>
    </ClInclude>
    <ClInclude Include="Shadeps.h">
      <Filter>Header Files</Filter>
    </ClInclude>
    <ClInclude Include="showtabl.h">
      <Filter>Header Files</Filter>
    </ClInclude>
    <ClInclude Include="srchdlg.h">
      <Filter>Header Files</Filter>
    </ClInclude>
    <ClInclude Include="srchrepd.h">
      <Filter>Header Files</Filter>
    </ClInclude>
    <ClInclude Include="stc.h">
      <Filter>Header Files</Filter>
    </ClInclude>
    <ClInclude Include="Stccmapi.h">
      <Filter>Header Files</Filter>
    </ClInclude>
    <ClInclude Include="stcdatad.h">
      <Filter>Header Files</Filter>
    </ClInclude>
    <ClInclude Include="stcgrp.h">
      <Filter>Header Files</Filter>
    </ClInclude>
    <ClInclude Include="stdafx.h">
      <Filter>Header Files</Filter>
    </ClInclude>
    <ClInclude Include="sumview.h">
      <Filter>Header Files</Filter>
    </ClInclude>
    <ClInclude Include="Sviewret.h">
      <Filter>Header Files</Filter>
    </ClInclude>
    <ClInclude Include="TextView.h">
      <Filter>Header Files</Filter>
    </ClInclude>
    <ClInclude Include="titlingf.h">
      <Filter>Header Files</Filter>
    </ClInclude>
    <ClInclude Include="Usermess.h">
      <Filter>Header Files</Filter>
    </ClInclude>
    <ClInclude Include="Uservars.h">
      <Filter>Header Files</Filter>
    </ClInclude>
  </ItemGroup>
  <ItemGroup>
    <Image Include="RES\DSTATBAR.BMP">
      <Filter>Resource Files</Filter>
    </Image>
    <Image Include="RES\GENEBAR.BMP">
      <Filter>Resource Files</Filter>
    </Image>
    <Image Include="RES\GENEDDOC.ICO">
      <Filter>Resource Files</Filter>
    </Image>
    <Image Include="RES\GENEDOC.ICO">
      <Filter>Resource Files</Filter>
    </Image>
    <Image Include="RES\GENEDOCU.BMP">
      <Filter>Resource Files</Filter>
    </Image>
    <Image Include="RES\INLOVE.BMP">
      <Filter>Resource Files</Filter>
    </Image>
    <Image Include="RES\MEBITU.BMP">
      <Filter>Resource Files</Filter>
    </Image>
    <Image Include="RES\PHYLOBAR.BMP">
      <Filter>Resource Files</Filter>
    </Image>
    <Image Include="Res\smlogo.bmp">
      <Filter>Resource Files</Filter>
    </Image>
    <Image Include="RES\TOOLBAR.BMP">
      <Filter>Resource Files</Filter>
    </Image>
  </ItemGroup>
  <ItemGroup>
    <Text Include="Changes.txt" />
    <Text Include="copyrght.txt" />
    <Text Include="Disc.txt" />
    <Text Include="readme.txt" />
  </ItemGroup>
  <ItemGroup>
    <CustomBuild Include="res\genedoc.rc2">
      <Filter>Resource Files</Filter>
    </CustomBuild>
  </ItemGroup>
</Project>